
Microsoft Visual Studio Solution File, Format Version 12.00
# Visual Studio Version 17
VisualStudioVersion = 17.14.36518.9
MinimumVisualStudioVersion = 10.0.40219.1
Project("{2150E333-8FDC-42A3-9474-1A3956D46DE8}") = "Services", "Services", "{02EA681E-C7D8-13C7-8484-4AC65E1B71E8}"
EndProject
Project("{2150E333-8FDC-42A3-9474-1A3956D46DE8}") = "Catalog", "Catalog", "{137FFCD3-7384-4A0E-B257-017C1981CC6E}"
EndProject
Project("{FAE04EC0-301F-11D3-BF4B-00C04F79EFBC}") = "Catalog.API", "Services\Catalog\Catalog.API\Catalog.API.csproj", "{6E8625BF-2701-46B1-8292-565D18258B12}"
EndProject
Project("{2150E333-8FDC-42A3-9474-1A3956D46DE8}") = "BuildingBlocks", "BuildingBlocks", "{3755E005-DA9F-4E62-83CD-7878B49FC8C6}"
EndProject
Project("{FAE04EC0-301F-11D3-BF4B-00C04F79EFBC}") = "BuildingBlocks", "BuildingBlocks\BuildingBlocks\BuildingBlocks.csproj", "{C54555A0-BD77-4F32-88C1-7EBE507897BF}"
EndProject
Project("{E53339B2-1760-4266-BCC7-CA923CBCF16C}") = "docker-compose", "docker-compose.dcproj", "{81DDED9D-158B-E303-5F62-77A2896D2A5A}"
EndProject
Global
	GlobalSection(SolutionConfigurationPlatforms) = preSolution
		Debug|Any CPU = Debug|Any CPU
		Release|Any CPU = Release|Any CPU
	EndGlobalSection
	GlobalSection(ProjectConfigurationPlatforms) = postSolution
		{6E8625BF-2701-46B1-8292-565D18258B12}.Debug|Any CPU.ActiveCfg = Debug|Any CPU
		{6E8625BF-2701-46B1-8292-565D18258B12}.Debug|Any CPU.Build.0 = Debug|Any CPU
		{6E8625BF-2701-46B1-8292-565D18258B12}.Release|Any CPU.ActiveCfg = Release|Any CPU
		{6E8625BF-2701-46B1-8292-565D18258B12}.Release|Any CPU.Build.0 = Release|Any CPU
		{C54555A0-BD77-4F32-88C1-7EBE507897BF}.Debug|Any CPU.ActiveCfg = Debug|Any CPU
		{C54555A0-BD77-4F32-88C1-7EBE507897BF}.Debug|Any CPU.Build.0 = Debug|Any CPU
		{C54555A0-BD77-4F32-88C1-7EBE507897BF}.Release|Any CPU.ActiveCfg = Release|Any CPU
		{C54555A0-BD77-4F32-88C1-7EBE507897BF}.Release|Any CPU.Build.0 = Release|Any CPU
		{81DDED9D-158B-E303-5F62-77A2896D2A5A}.Debug|Any CPU.ActiveCfg = Debug|Any CPU
		{81DDED9D-158B-E303-5F62-77A2896D2A5A}.Debug|Any CPU.Build.0 = Debug|Any CPU
		{81DDED9D-158B-E303-5F62-77A2896D2A5A}.Release|Any CPU.ActiveCfg = Release|Any CPU
		{81DDED9D-158B-E303-5F62-77A2896D2A5A}.Release|Any CPU.Build.0 = Release|Any CPU
	EndGlobalSection
	GlobalSection(SolutionProperties) = preSolution
		HideSolutionNode = FALSE
	EndGlobalSection
	GlobalSection(NestedProjects) = preSolution
		{137FFCD3-7384-4A0E-B257-017C1981CC6E} = {02EA681E-C7D8-13C7-8484-4AC65E1B71E8}
		{6E8625BF-2701-46B1-8292-565D18258B12} = {137FFCD3-7384-4A0E-B257-017C1981CC6E}
		{C54555A0-BD77-4F32-88C1-7EBE507897BF} = {3755E005-DA9F-4E62-83CD-7878B49FC8C6}
	EndGlobalSection
	GlobalSection(ExtensibilityGlobals) = postSolution
		SolutionGuid = {694BFE08-B12D-4BFE-823E-71E3118E1A16}
	EndGlobalSection
EndGlobal
